// !$*UTF8*$!
{
	archiveVersion = 1;
	classes = {
	};
	objectVersion = 50;
	objects = {

/* Begin PBXBuildFile section */
		160BDEA9236DB96600777340 /* DataController.swift in Sources */ = {isa = PBXBuildFile; fileRef = 160BDEA8236DB96600777340 /* DataController.swift */; };
		160BDEAC236DBA8600777340 /* Photo+Extensions.swift in Sources */ = {isa = PBXBuildFile; fileRef = 160BDEAB236DBA8600777340 /* Photo+Extensions.swift */; };
		160BDEAE236DBA9200777340 /* Pin+Extensions.swift in Sources */ = {isa = PBXBuildFile; fileRef = 160BDEAD236DBA9200777340 /* Pin+Extensions.swift */; };
		16163A1323813E6500334F59 /* TabBatViewController.swift in Sources */ = {isa = PBXBuildFile; fileRef = 16163A1223813E6500334F59 /* TabBatViewController.swift */; };
		16163A152381521F00334F59 /* WeatherViewController.swift in Sources */ = {isa = PBXBuildFile; fileRef = 16163A142381521F00334F59 /* WeatherViewController.swift */; };
		16187F0A2386679500CE43CC /* OpenCageClient.swift in Sources */ = {isa = PBXBuildFile; fileRef = 16187F092386679500CE43CC /* OpenCageClient.swift */; };
		16187F0C2386686000CE43CC /* OpenCageRespones.swift in Sources */ = {isa = PBXBuildFile; fileRef = 16187F0B2386686000CE43CC /* OpenCageRespones.swift */; };
		16187F0E23866B6400CE43CC /* GeoViewController.swift in Sources */ = {isa = PBXBuildFile; fileRef = 16187F0D23866B6400CE43CC /* GeoViewController.swift */; };
		16187F1023868C7200CE43CC /* Geo+Extensions.swift in Sources */ = {isa = PBXBuildFile; fileRef = 16187F0F23868C7200CE43CC /* Geo+Extensions.swift */; };
		16519D47237D53EF00CC2C89 /* WeatherClient.swift in Sources */ = {isa = PBXBuildFile; fileRef = 16519D46237D53EF00CC2C89 /* WeatherClient.swift */; };
		16543C40236820E40004864E /* AppDelegate.swift in Sources */ = {isa = PBXBuildFile; fileRef = 16543C3F236820E40004864E /* AppDelegate.swift */; };
		16543C42236820E40004864E /* SceneDelegate.swift in Sources */ = {isa = PBXBuildFile; fileRef = 16543C41236820E40004864E /* SceneDelegate.swift */; };
		16543C47236820E40004864E /* Main.storyboard in Resources */ = {isa = PBXBuildFile; fileRef = 16543C45236820E40004864E /* Main.storyboard */; };
		16543C4A236820E40004864E /* YouDecide.xcdatamodeld in Sources */ = {isa = PBXBuildFile; fileRef = 16543C48236820E40004864E /* YouDecide.xcdatamodeld */; };
		16543C4C236820E60004864E /* Assets.xcassets in Resources */ = {isa = PBXBuildFile; fileRef = 16543C4B236820E60004864E /* Assets.xcassets */; };
		16543C4F236820E60004864E /* LaunchScreen.storyboard in Resources */ = {isa = PBXBuildFile; fileRef = 16543C4D236820E60004864E /* LaunchScreen.storyboard */; };
		16543C5D236825760004864E /* TravelLocationsMapVC.swift in Sources */ = {isa = PBXBuildFile; fileRef = 16543C5C236825760004864E /* TravelLocationsMapVC.swift */; };
		16543C5F2368258B0004864E /* PhotoAlbumVC.swift in Sources */ = {isa = PBXBuildFile; fileRef = 16543C5E2368258B0004864E /* PhotoAlbumVC.swift */; };
		16543C61236829A70004864E /* PhotoAlbumCell.swift in Sources */ = {isa = PBXBuildFile; fileRef = 16543C60236829A70004864E /* PhotoAlbumCell.swift */; };
		16543C6723685C570004864E /* FlickrClient.swift in Sources */ = {isa = PBXBuildFile; fileRef = 16543C6623685C570004864E /* FlickrClient.swift */; };
		16543C6923685D100004864E /* FlickerRespones.swift in Sources */ = {isa = PBXBuildFile; fileRef = 16543C6823685D100004864E /* FlickerRespones.swift */; };
		16543C6D23696E580004864E /* PhotoRespones.swift in Sources */ = {isa = PBXBuildFile; fileRef = 16543C6C23696E580004864E /* PhotoRespones.swift */; };
		16543C6F236974610004864E /* CommonFunctions.swift in Sources */ = {isa = PBXBuildFile; fileRef = 16543C6E236974610004864E /* CommonFunctions.swift */; };
		16543C7123697EC30004864E /* Photo.swift in Sources */ = {isa = PBXBuildFile; fileRef = 16543C7023697EC30004864E /* Photo.swift */; };
		16DB24FB23828C5900365A4E /* Weather+Extensions.swift in Sources */ = {isa = PBXBuildFile; fileRef = 16DB24FA23828C5900365A4E /* Weather+Extensions.swift */; };
/* End PBXBuildFile section */

/* Begin PBXFileReference section */
		160BDEA8236DB96600777340 /* DataController.swift */ = {isa = PBXFileReference; lastKnownFileType = sourcecode.swift; path = DataController.swift; sourceTree = "<group>"; };
		160BDEAB236DBA8600777340 /* Photo+Extensions.swift */ = {isa = PBXFileReference; lastKnownFileType = sourcecode.swift; path = "Photo+Extensions.swift"; sourceTree = "<group>"; };
		160BDEAD236DBA9200777340 /* Pin+Extensions.swift */ = {isa = PBXFileReference; lastKnownFileType = sourcecode.swift; path = "Pin+Extensions.swift"; sourceTree = "<group>"; };
		16163A1223813E6500334F59 /* TabBatViewController.swift */ = {isa = PBXFileReference; lastKnownFileType = sourcecode.swift; path = TabBatViewController.swift; sourceTree = "<group>"; };
		16163A142381521F00334F59 /* WeatherViewController.swift */ = {isa = PBXFileReference; lastKnownFileType = sourcecode.swift; path = WeatherViewController.swift; sourceTree = "<group>"; };
		16187F092386679500CE43CC /* OpenCageClient.swift */ = {isa = PBXFileReference; lastKnownFileType = sourcecode.swift; path = OpenCageClient.swift; sourceTree = "<group>"; };
		16187F0B2386686000CE43CC /* OpenCageRespones.swift */ = {isa = PBXFileReference; lastKnownFileType = sourcecode.swift; path = OpenCageRespones.swift; sourceTree = "<group>"; };
		16187F0D23866B6400CE43CC /* GeoViewController.swift */ = {isa = PBXFileReference; lastKnownFileType = sourcecode.swift; path = GeoViewController.swift; sourceTree = "<group>"; };
		16187F0F23868C7200CE43CC /* Geo+Extensions.swift */ = {isa = PBXFileReference; lastKnownFileType = sourcecode.swift; path = "Geo+Extensions.swift"; sourceTree = "<group>"; };
		16519D46237D53EF00CC2C89 /* WeatherClient.swift */ = {isa = PBXFileReference; lastKnownFileType = sourcecode.swift; path = WeatherClient.swift; sourceTree = "<group>"; };
		16543C3C236820E40004864E /* You Decide.app */ = {isa = PBXFileReference; explicitFileType = wrapper.application; includeInIndex = 0; path = "You Decide.app"; sourceTree = BUILT_PRODUCTS_DIR; };
		16543C3F236820E40004864E /* AppDelegate.swift */ = {isa = PBXFileReference; lastKnownFileType = sourcecode.swift; path = AppDelegate.swift; sourceTree = "<group>"; };
		16543C41236820E40004864E /* SceneDelegate.swift */ = {isa = PBXFileReference; lastKnownFileType = sourcecode.swift; path = SceneDelegate.swift; sourceTree = "<group>"; };
		16543C46236820E40004864E /* Base */ = {isa = PBXFileReference; lastKnownFileType = file.storyboard; name = Base; path = Base.lproj/Main.storyboard; sourceTree = "<group>"; };
		16543C49236820E40004864E /* Virtual_Tourist.xcdatamodel */ = {isa = PBXFileReference; lastKnownFileType = wrapper.xcdatamodel; path = Virtual_Tourist.xcdatamodel; sourceTree = "<group>"; };
		16543C4B236820E60004864E /* Assets.xcassets */ = {isa = PBXFileReference; lastKnownFileType = folder.assetcatalog; path = Assets.xcassets; sourceTree = "<group>"; };
		16543C4E236820E60004864E /* Base */ = {isa = PBXFileReference; lastKnownFileType = file.storyboard; name = Base; path = Base.lproj/LaunchScreen.storyboard; sourceTree = "<group>"; };
		16543C50236820E60004864E /* Info.plist */ = {isa = PBXFileReference; lastKnownFileType = text.plist.xml; path = Info.plist; sourceTree = "<group>"; };
		16543C5C236825760004864E /* TravelLocationsMapVC.swift */ = {isa = PBXFileReference; lastKnownFileType = sourcecode.swift; path = TravelLocationsMapVC.swift; sourceTree = "<group>"; };
		16543C5E2368258B0004864E /* PhotoAlbumVC.swift */ = {isa = PBXFileReference; lastKnownFileType = sourcecode.swift; path = PhotoAlbumVC.swift; sourceTree = "<group>"; };
		16543C60236829A70004864E /* PhotoAlbumCell.swift */ = {isa = PBXFileReference; lastKnownFileType = sourcecode.swift; path = PhotoAlbumCell.swift; sourceTree = "<group>"; };
		16543C6623685C570004864E /* FlickrClient.swift */ = {isa = PBXFileReference; lastKnownFileType = sourcecode.swift; path = FlickrClient.swift; sourceTree = "<group>"; };
		16543C6823685D100004864E /* FlickerRespones.swift */ = {isa = PBXFileReference; lastKnownFileType = sourcecode.swift; path = FlickerRespones.swift; sourceTree = "<group>"; };
		16543C6C23696E580004864E /* PhotoRespones.swift */ = {isa = PBXFileReference; lastKnownFileType = sourcecode.swift; path = PhotoRespones.swift; sourceTree = "<group>"; };
		16543C6E236974610004864E /* CommonFunctions.swift */ = {isa = PBXFileReference; lastKnownFileType = sourcecode.swift; path = CommonFunctions.swift; sourceTree = "<group>"; };
		16543C7023697EC30004864E /* Photo.swift */ = {isa = PBXFileReference; lastKnownFileType = sourcecode.swift; path = Photo.swift; sourceTree = "<group>"; };
		16DB24FA23828C5900365A4E /* Weather+Extensions.swift */ = {isa = PBXFileReference; lastKnownFileType = sourcecode.swift; path = "Weather+Extensions.swift"; sourceTree = "<group>"; };
		55086CF4271EDA9939E9F861 /* Pods-You Decide.debug.xcconfig */ = {isa = PBXFileReference; includeInIndex = 1; lastKnownFileType = text.xcconfig; name = "Pods-You Decide.debug.xcconfig"; path = "Pods/Target Support Files/Pods-You Decide/Pods-You Decide.debug.xcconfig"; sourceTree = "<group>"; };
		A03AF989B7CCF46AD2A908D6 /* Pods-You Decide.release.xcconfig */ = {isa = PBXFileReference; includeInIndex = 1; lastKnownFileType = text.xcconfig; name = "Pods-You Decide.release.xcconfig"; path = "Pods/Target Support Files/Pods-You Decide/Pods-You Decide.release.xcconfig"; sourceTree = "<group>"; };
/* End PBXFileReference section */

/* Begin PBXFrameworksBuildPhase section */
		16543C39236820E40004864E /* Frameworks */ = {
			isa = PBXFrameworksBuildPhase;
			buildActionMask = 2147483647;
			files = (
			);
			runOnlyForDeploymentPostprocessing = 0;
		};
/* End PBXFrameworksBuildPhase section */

/* Begin PBXGroup section */
		160BDEAA236DBA6D00777340 /* Managed Object Extensions */ = {
			isa = PBXGroup;
			children = (
				160BDEAB236DBA8600777340 /* Photo+Extensions.swift */,
				160BDEAD236DBA9200777340 /* Pin+Extensions.swift */,
				16DB24FA23828C5900365A4E /* Weather+Extensions.swift */,
				16187F0F23868C7200CE43CC /* Geo+Extensions.swift */,
			);
			path = "Managed Object Extensions";
			sourceTree = "<group>";
		};
		16543C33236820E40004864E = {
			isa = PBXGroup;
			children = (
				16543C3F236820E40004864E /* AppDelegate.swift */,
				16543C41236820E40004864E /* SceneDelegate.swift */,
				16543C3E236820E40004864E /* You Decide */,
				16543C3D236820E40004864E /* Products */,
				16FCE2C7237BFC8800A39926 /* Frameworks */,
				5BAD0841F390EC8E41A2396E /* Pods */,
			);
			sourceTree = "<group>";
		};
		16543C3D236820E40004864E /* Products */ = {
			isa = PBXGroup;
			children = (
				16543C3C236820E40004864E /* You Decide.app */,
			);
			name = Products;
			sourceTree = "<group>";
		};
		16543C3E236820E40004864E /* You Decide */ = {
			isa = PBXGroup;
			children = (
				16543C5A236821140004864E /* Model */,
				16543C592368210F0004864E /* View Controllers */,
				16543C582368210D0004864E /* Views */,
				16543C56236820F80004864E /* assets */,
				16543C5B2368214E0004864E /* Storyboards */,
				16543C50236820E60004864E /* Info.plist */,
			);
			path = "You Decide";
			sourceTree = "<group>";
		};
		16543C56236820F80004864E /* assets */ = {
			isa = PBXGroup;
			children = (
				16543C4B236820E60004864E /* Assets.xcassets */,
			);
			path = assets;
			sourceTree = "<group>";
		};
		16543C582368210D0004864E /* Views */ = {
			isa = PBXGroup;
			children = (
				16543C60236829A70004864E /* PhotoAlbumCell.swift */,
			);
			path = Views;
			sourceTree = "<group>";
		};
		16543C592368210F0004864E /* View Controllers */ = {
			isa = PBXGroup;
			children = (
				16543C5C236825760004864E /* TravelLocationsMapVC.swift */,
				16163A1223813E6500334F59 /* TabBatViewController.swift */,
				16543C5E2368258B0004864E /* PhotoAlbumVC.swift */,
				16163A142381521F00334F59 /* WeatherViewController.swift */,
				16187F0D23866B6400CE43CC /* GeoViewController.swift */,
				16543C6E236974610004864E /* CommonFunctions.swift */,
			);
			path = "View Controllers";
			sourceTree = "<group>";
		};
		16543C5A236821140004864E /* Model */ = {
			isa = PBXGroup;
			children = (
				16543C6523685BDB0004864E /* Data */,
				16543C6423685BD90004864E /* Clinets */,
				16543C6323685BD70004864E /* Requests */,
				16543C6223685BD40004864E /* Responeses */,
			);
			path = Model;
			sourceTree = "<group>";
		};
		16543C5B2368214E0004864E /* Storyboards */ = {
			isa = PBXGroup;
			children = (
				16543C4D236820E60004864E /* LaunchScreen.storyboard */,
				16543C45236820E40004864E /* Main.storyboard */,
			);
			path = Storyboards;
			sourceTree = "<group>";
		};
		16543C6223685BD40004864E /* Responeses */ = {
			isa = PBXGroup;
			children = (
				16543C6823685D100004864E /* FlickerRespones.swift */,
				16543C6C23696E580004864E /* PhotoRespones.swift */,
				16543C7023697EC30004864E /* Photo.swift */,
				16187F0B2386686000CE43CC /* OpenCageRespones.swift */,
			);
			path = Responeses;
			sourceTree = "<group>";
		};
		16543C6323685BD70004864E /* Requests */ = {
			isa = PBXGroup;
			children = (
			);
			path = Requests;
			sourceTree = "<group>";
		};
		16543C6423685BD90004864E /* Clinets */ = {
			isa = PBXGroup;
			children = (
				16543C6623685C570004864E /* FlickrClient.swift */,
				16519D46237D53EF00CC2C89 /* WeatherClient.swift */,
				16187F092386679500CE43CC /* OpenCageClient.swift */,
			);
			path = Clinets;
			sourceTree = "<group>";
		};
		16543C6523685BDB0004864E /* Data */ = {
			isa = PBXGroup;
			children = (
				160BDEAA236DBA6D00777340 /* Managed Object Extensions */,
				16543C48236820E40004864E /* YouDecide.xcdatamodeld */,
				160BDEA8236DB96600777340 /* DataController.swift */,
			);
			path = Data;
			sourceTree = "<group>";
		};
		16FCE2C7237BFC8800A39926 /* Frameworks */ = {
			isa = PBXGroup;
			children = (
			);
			name = Frameworks;
			sourceTree = "<group>";
		};
		5BAD0841F390EC8E41A2396E /* Pods */ = {
			isa = PBXGroup;
			children = (
				55086CF4271EDA9939E9F861 /* Pods-You Decide.debug.xcconfig */,
				A03AF989B7CCF46AD2A908D6 /* Pods-You Decide.release.xcconfig */,
			);
			name = Pods;
			sourceTree = "<group>";
		};
/* End PBXGroup section */

/* Begin PBXNativeTarget section */
		16543C3B236820E40004864E /* You Decide */ = {
			isa = PBXNativeTarget;
			buildConfigurationList = 16543C53236820E60004864E /* Build configuration list for PBXNativeTarget "You Decide" */;
			buildPhases = (
				D45BBF5B3B3226FA27F09F89 /* [CP] Check Pods Manifest.lock */,
				16543C38236820E40004864E /* Sources */,
				16543C39236820E40004864E /* Frameworks */,
				16543C3A236820E40004864E /* Resources */,
				D7F448DCF191078CB10D5FB4 /* [CP] Embed Pods Frameworks */,
			);
			buildRules = (
			);
			dependencies = (
			);
			name = "You Decide";
			productName = "Virtual Tourist";
			productReference = 16543C3C236820E40004864E /* You Decide.app */;
			productType = "com.apple.product-type.application";
		};
/* End PBXNativeTarget section */

/* Begin PBXProject section */
		16543C34236820E40004864E /* Project object */ = {
			isa = PBXProject;
			attributes = {
				LastSwiftUpdateCheck = 1110;
				LastUpgradeCheck = 1110;
				ORGANIZATIONNAME = AbdullahBandan;
				TargetAttributes = {
					16543C3B236820E40004864E = {
						CreatedOnToolsVersion = 11.1;
					};
				};
			};
			buildConfigurationList = 16543C37236820E40004864E /* Build configuration list for PBXProject "You Decide" */;
			compatibilityVersion = "Xcode 9.3";
			developmentRegion = en;
			hasScannedForEncodings = 0;
			knownRegions = (
				en,
				Base,
			);
			mainGroup = 16543C33236820E40004864E;
			productRefGroup = 16543C3D236820E40004864E /* Products */;
			projectDirPath = "";
			projectRoot = "";
			targets = (
				16543C3B236820E40004864E /* You Decide */,
			);
		};
/* End PBXProject section */

/* Begin PBXResourcesBuildPhase section */
		16543C3A236820E40004864E /* Resources */ = {
			isa = PBXResourcesBuildPhase;
			buildActionMask = 2147483647;
			files = (
				16543C4F236820E60004864E /* LaunchScreen.storyboard in Resources */,
				16543C4C236820E60004864E /* Assets.xcassets in Resources */,
				16543C47236820E40004864E /* Main.storyboard in Resources */,
			);
			runOnlyForDeploymentPostprocessing = 0;
		};
/* End PBXResourcesBuildPhase section */

/* Begin PBXShellScriptBuildPhase section */
		D45BBF5B3B3226FA27F09F89 /* [CP] Check Pods Manifest.lock */ = {
			isa = PBXShellScriptBuildPhase;
			buildActionMask = 2147483647;
			files = (
			);
			inputPaths = (
				"${PODS_PODFILE_DIR_PATH}/Podfile.lock",
				"${PODS_ROOT}/Manifest.lock",
			);
			name = "[CP] Check Pods Manifest.lock";
			outputPaths = (
				"$(DERIVED_FILE_DIR)/Pods-You Decide-checkManifestLockResult.txt",
			);
			runOnlyForDeploymentPostprocessing = 0;
			shellPath = /bin/sh;
			shellScript = "diff \"${PODS_PODFILE_DIR_PATH}/Podfile.lock\" \"${PODS_ROOT}/Manifest.lock\" > /dev/null\nif [ $? != 0 ] ; then\n    # print error to STDERR\n    echo \"error: The sandbox is not in sync with the Podfile.lock. Run 'pod install' or update your CocoaPods installation.\" >&2\n    exit 1\nfi\n# This output is used by Xcode 'outputs' to avoid re-running this script phase.\necho \"SUCCESS\" > \"${SCRIPT_OUTPUT_FILE_0}\"\n";
			showEnvVarsInLog = 0;
		};
		D7F448DCF191078CB10D5FB4 /* [CP] Embed Pods Frameworks */ = {
			isa = PBXShellScriptBuildPhase;
			buildActionMask = 2147483647;
			files = (
			);
			inputPaths = (
				"${SRCROOT}/Pods/Target Support Files/Pods-You Decide/Pods-You Decide-frameworks.sh",
				"${BUILT_PRODUCTS_DIR}/Alamofire/Alamofire.framework",
				"${BUILT_PRODUCTS_DIR}/SwiftSky/SwiftSky.framework",
			);
			name = "[CP] Embed Pods Frameworks";
			outputPaths = (
				"${TARGET_BUILD_DIR}/${FRAMEWORKS_FOLDER_PATH}/Alamofire.framework",
				"${TARGET_BUILD_DIR}/${FRAMEWORKS_FOLDER_PATH}/SwiftSky.framework",
			);
			runOnlyForDeploymentPostprocessing = 0;
			shellPath = /bin/sh;
			shellScript = "\"${SRCROOT}/Pods/Target Support Files/Pods-You Decide/Pods-You Decide-frameworks.sh\"\n";
			showEnvVarsInLog = 0;
		};
/* End PBXShellScriptBuildPhase section */

/* Begin PBXSourcesBuildPhase section */
		16543C38236820E40004864E /* Sources */ = {
			isa = PBXSourcesBuildPhase;
			buildActionMask = 2147483647;
			files = (
				16543C4A236820E40004864E /* YouDecide.xcdatamodeld in Sources */,
				16163A152381521F00334F59 /* WeatherViewController.swift in Sources */,
				16187F0C2386686000CE43CC /* OpenCageRespones.swift in Sources */,
				16543C7123697EC30004864E /* Photo.swift in Sources */,
				16163A1323813E6500334F59 /* TabBatViewController.swift in Sources */,
				160BDEAE236DBA9200777340 /* Pin+Extensions.swift in Sources */,
				16543C6923685D100004864E /* FlickerRespones.swift in Sources */,
				16187F1023868C7200CE43CC /* Geo+Extensions.swift in Sources */,
				16543C40236820E40004864E /* AppDelegate.swift in Sources */,
				16DB24FB23828C5900365A4E /* Weather+Extensions.swift in Sources */,
				16519D47237D53EF00CC2C89 /* WeatherClient.swift in Sources */,
				16543C5F2368258B0004864E /* PhotoAlbumVC.swift in Sources */,
				160BDEAC236DBA8600777340 /* Photo+Extensions.swift in Sources */,
				16543C6D23696E580004864E /* PhotoRespones.swift in Sources */,
				16543C6F236974610004864E /* CommonFunctions.swift in Sources */,
				16187F0E23866B6400CE43CC /* GeoViewController.swift in Sources */,
				160BDEA9236DB96600777340 /* DataController.swift in Sources */,
				16543C5D236825760004864E /* TravelLocationsMapVC.swift in Sources */,
				16187F0A2386679500CE43CC /* OpenCageClient.swift in Sources */,
				16543C42236820E40004864E /* SceneDelegate.swift in Sources */,
				16543C61236829A70004864E /* PhotoAlbumCell.swift in Sources */,
				16543C6723685C570004864E /* FlickrClient.swift in Sources */,
			);
			runOnlyForDeploymentPostprocessing = 0;
		};
/* End PBXSourcesBuildPhase section */

/* Begin PBXVariantGroup section */
		16543C45236820E40004864E /* Main.storyboard */ = {
			isa = PBXVariantGroup;
			children = (
				16543C46236820E40004864E /* Base */,
			);
			name = Main.storyboard;
			sourceTree = "<group>";
		};
		16543C4D236820E60004864E /* LaunchScreen.storyboard */ = {
			isa = PBXVariantGroup;
			children = (
				16543C4E236820E60004864E /* Base */,
			);
			name = LaunchScreen.storyboard;
			sourceTree = "<group>";
		};
/* End PBXVariantGroup section */

/* Begin XCBuildConfiguration section */
		16543C51236820E60004864E /* Debug */ = {
			isa = XCBuildConfiguration;
			buildSettings = {
				ALWAYS_SEARCH_USER_PATHS = NO;
				CLANG_ANALYZER_NONNULL = YES;
				CLANG_ANALYZER_NUMBER_OBJECT_CONVERSION = YES_AGGRESSIVE;
				CLANG_CXX_LANGUAGE_STANDARD = "gnu++14";
				CLANG_CXX_LIBRARY = "libc++";
				CLANG_ENABLE_MODULES = YES;
				CLANG_ENABLE_OBJC_ARC = YES;
				CLANG_ENABLE_OBJC_WEAK = YES;
				CLANG_WARN_BLOCK_CAPTURE_AUTORELEASING = YES;
				CLANG_WARN_BOOL_CONVERSION = YES;
				CLANG_WARN_COMMA = YES;
				CLANG_WARN_CONSTANT_CONVERSION = YES;
				CLANG_WARN_DEPRECATED_OBJC_IMPLEMENTATIONS = YES;
				CLANG_WARN_DIRECT_OBJC_ISA_USAGE = YES_ERROR;
				CLANG_WARN_DOCUMENTATION_COMMENTS = YES;
				CLANG_WARN_EMPTY_BODY = YES;
				CLANG_WARN_ENUM_CONVERSION = YES;
				CLANG_WARN_INFINITE_RECURSION = YES;
				CLANG_WARN_INT_CONVERSION = YES;
				CLANG_WARN_NON_LITERAL_NULL_CONVERSION = YES;
				CLANG_WARN_OBJC_IMPLICIT_RETAIN_SELF = YES;
				CLANG_WARN_OBJC_LITERAL_CONVERSION = YES;
				CLANG_WARN_OBJC_ROOT_CLASS = YES_ERROR;
				CLANG_WARN_RANGE_LOOP_ANALYSIS = YES;
				CLANG_WARN_STRICT_PROTOTYPES = YES;
				CLANG_WARN_SUSPICIOUS_MOVE = YES;
				CLANG_WARN_UNGUARDED_AVAILABILITY = YES_AGGRESSIVE;
				CLANG_WARN_UNREACHABLE_CODE = YES;
				CLANG_WARN__DUPLICATE_METHOD_MATCH = YES;
				COPY_PHASE_STRIP = NO;
				DEBUG_INFORMATION_FORMAT = dwarf;
				ENABLE_STRICT_OBJC_MSGSEND = YES;
				ENABLE_TESTABILITY = YES;
				GCC_C_LANGUAGE_STANDARD = gnu11;
				GCC_DYNAMIC_NO_PIC = NO;
				GCC_NO_COMMON_BLOCKS = YES;
				GCC_OPTIMIZATION_LEVEL = 0;
				GCC_PREPROCESSOR_DEFINITIONS = (
					"DEBUG=1",
					"$(inherited)",
				);
				GCC_WARN_64_TO_32_BIT_CONVERSION = YES;
				GCC_WARN_ABOUT_RETURN_TYPE = YES_ERROR;
				GCC_WARN_UNDECLARED_SELECTOR = YES;
				GCC_WARN_UNINITIALIZED_AUTOS = YES_AGGRESSIVE;
				GCC_WARN_UNUSED_FUNCTION = YES;
				GCC_WARN_UNUSED_VARIABLE = YES;
				IPHONEOS_DEPLOYMENT_TARGET = 13.1;
				MTL_ENABLE_DEBUG_INFO = INCLUDE_SOURCE;
				MTL_FAST_MATH = YES;
				ONLY_ACTIVE_ARCH = YES;
				SDKROOT = iphoneos;
				SWIFT_ACTIVE_COMPILATION_CONDITIONS = DEBUG;
				SWIFT_OPTIMIZATION_LEVEL = "-Onone";
			};
			name = Debug;
		};
		16543C52236820E60004864E /* Release */ = {
			isa = XCBuildConfiguration;
			buildSettings = {
				ALWAYS_SEARCH_USER_PATHS = NO;
				CLANG_ANALYZER_NONNULL = YES;
				CLANG_ANALYZER_NUMBER_OBJECT_CONVERSION = YES_AGGRESSIVE;
				CLANG_CXX_LANGUAGE_STANDARD = "gnu++14";
				CLANG_CXX_LIBRARY = "libc++";
				CLANG_ENABLE_MODULES = YES;
				CLANG_ENABLE_OBJC_ARC = YES;
				CLANG_ENABLE_OBJC_WEAK = YES;
				CLANG_WARN_BLOCK_CAPTURE_AUTORELEASING = YES;
				CLANG_WARN_BOOL_CONVERSION = YES;
				CLANG_WARN_COMMA = YES;
				CLANG_WARN_CONSTANT_CONVERSION = YES;
				CLANG_WARN_DEPRECATED_OBJC_IMPLEMENTATIONS = YES;
				CLANG_WARN_DIRECT_OBJC_ISA_USAGE = YES_ERROR;
				CLANG_WARN_DOCUMENTATION_COMMENTS = YES;
				CLANG_WARN_EMPTY_BODY = YES;
				CLANG_WARN_ENUM_CONVERSION = YES;
				CLANG_WARN_INFINITE_RECURSION = YES;
				CLANG_WARN_INT_CONVERSION = YES;
				CLANG_WARN_NON_LITERAL_NULL_CONVERSION = YES;
				CLANG_WARN_OBJC_IMPLICIT_RETAIN_SELF = YES;
				CLANG_WARN_OBJC_LITERAL_CONVERSION = YES;
				CLANG_WARN_OBJC_ROOT_CLASS = YES_ERROR;
				CLANG_WARN_RANGE_LOOP_ANALYSIS = YES;
				CLANG_WARN_STRICT_PROTOTYPES = YES;
				CLANG_WARN_SUSPICIOUS_MOVE = YES;
				CLANG_WARN_UNGUARDED_AVAILABILITY = YES_AGGRESSIVE;
				CLANG_WARN_UNREACHABLE_CODE = YES;
				CLANG_WARN__DUPLICATE_METHOD_MATCH = YES;
				COPY_PHASE_STRIP = NO;
				DEBUG_INFORMATION_FORMAT = "dwarf-with-dsym";
				ENABLE_NS_ASSERTIONS = NO;
				ENABLE_STRICT_OBJC_MSGSEND = YES;
				GCC_C_LANGUAGE_STANDARD = gnu11;
				GCC_NO_COMMON_BLOCKS = YES;
				GCC_WARN_64_TO_32_BIT_CONVERSION = YES;
				GCC_WARN_ABOUT_RETURN_TYPE = YES_ERROR;
				GCC_WARN_UNDECLARED_SELECTOR = YES;
				GCC_WARN_UNINITIALIZED_AUTOS = YES_AGGRESSIVE;
				GCC_WARN_UNUSED_FUNCTION = YES;
				GCC_WARN_UNUSED_VARIABLE = YES;
				IPHONEOS_DEPLOYMENT_TARGET = 13.1;
				MTL_ENABLE_DEBUG_INFO = NO;
				MTL_FAST_MATH = YES;
				SDKROOT = iphoneos;
				SWIFT_COMPILATION_MODE = wholemodule;
				SWIFT_OPTIMIZATION_LEVEL = "-O";
				VALIDATE_PRODUCT = YES;
			};
			name = Release;
		};
		16543C54236820E60004864E /* Debug */ = {
			isa = XCBuildConfiguration;
			baseConfigurationReference = 55086CF4271EDA9939E9F861 /* Pods-You Decide.debug.xcconfig */;
			buildSettings = {
				ASSETCATALOG_COMPILER_APPICON_NAME = AppIcon;
				CODE_SIGN_STYLE = Automatic;
				DEVELOPMENT_TEAM = 852QU95Q7A;
				FRAMEWORK_SEARCH_PATHS = (
					"$(inherited)",
					"$(PROJECT_DIR)",
				);
				INFOPLIST_FILE = "$(SRCROOT)/You Decide/Info.plist";
				LD_RUNPATH_SEARCH_PATHS = (
					"$(inherited)",
					"@executable_path/Frameworks",
				);
				PRODUCT_BUNDLE_IDENTIFIER = com.AbdullahBandan.YouDecide;
				PRODUCT_NAME = "$(TARGET_NAME)";
				SWIFT_VERSION = 5.0;
				TARGETED_DEVICE_FAMILY = "1,2";
			};
			name = Debug;
		};
		16543C55236820E60004864E /* Release */ = {
			isa = XCBuildConfiguration;
			baseConfigurationReference = A03AF989B7CCF46AD2A908D6 /* Pods-You Decide.release.xcconfig */;
			buildSettings = {
				ASSETCATALOG_COMPILER_APPICON_NAME = AppIcon;
				CODE_SIGN_STYLE = Automatic;
				DEVELOPMENT_TEAM = 852QU95Q7A;
				FRAMEWORK_SEARCH_PATHS = (
					"$(inherited)",
					"$(PROJECT_DIR)",
				);
				INFOPLIST_FILE = "$(SRCROOT)/You Decide/Info.plist";
				LD_RUNPATH_SEARCH_PATHS = (
					"$(inherited)",
					"@executable_path/Frameworks",
				);
				PRODUCT_BUNDLE_IDENTIFIER = com.AbdullahBandan.YouDecide;
				PRODUCT_NAME = "$(TARGET_NAME)";
				SWIFT_VERSION = 5.0;
				TARGETED_DEVICE_FAMILY = "1,2";
			};
			name = Release;
		};
/* End XCBuildConfiguration section */

/* Begin XCConfigurationList section */
		16543C37236820E40004864E /* Build configuration list for PBXProject "You Decide" */ = {
			isa = XCConfigurationList;
			buildConfigurations = (
				16543C51236820E60004864E /* Debug */,
				16543C52236820E60004864E /* Release */,
			);
			defaultConfigurationIsVisible = 0;
			defaultConfigurationName = Release;
		};
		16543C53236820E60004864E /* Build configuration list for PBXNativeTarget "You Decide" */ = {
			isa = XCConfigurationList;
			buildConfigurations = (
				16543C54236820E60004864E /* Debug */,
				16543C55236820E60004864E /* Release */,
			);
			defaultConfigurationIsVisible = 0;
			defaultConfigurationName = Release;
		};
/* End XCConfigurationList section */

/* Begin XCVersionGroup section */
		16543C48236820E40004864E /* YouDecide.xcdatamodeld */ = {
			isa = XCVersionGroup;
			children = (
				16543C49236820E40004864E /* Virtual_Tourist.xcdatamodel */,
			);
			currentVersion = 16543C49236820E40004864E /* Virtual_Tourist.xcdatamodel */;
			path = YouDecide.xcdatamodeld;
			sourceTree = "<group>";
			versionGroupType = wrapper.xcdatamodel;
		};
/* End XCVersionGroup section */
	};
	rootObject = 16543C34236820E40004864E /* Project object */;
}
